// !$*UTF8*$!
{
	archiveVersion = 1;
	classes = {
	};
	objectVersion = 56;
	objects = {

/* Begin PBXBuildFile section */
		C40DFD6129DD127800EC700C /* Workout_TrackerApp.swift in Sources */ = {isa = PBXBuildFile; fileRef = C40DFD6029DD127800EC700C /* Workout_TrackerApp.swift */; };
		C40DFD6329DD127800EC700C /* ContentView.swift in Sources */ = {isa = PBXBuildFile; fileRef = C40DFD6229DD127800EC700C /* ContentView.swift */; };
		C40DFD6529DD127900EC700C /* Assets.xcassets in Resources */ = {isa = PBXBuildFile; fileRef = C40DFD6429DD127900EC700C /* Assets.xcassets */; };
		C40DFD6829DD127900EC700C /* Preview Assets.xcassets in Resources */ = {isa = PBXBuildFile; fileRef = C40DFD6729DD127900EC700C /* Preview Assets.xcassets */; };
		C40DFD7229DD127900EC700C /* Workout_TrackerTests.swift in Sources */ = {isa = PBXBuildFile; fileRef = C40DFD7129DD127900EC700C /* Workout_TrackerTests.swift */; };
		C40DFD7C29DD127900EC700C /* Workout_TrackerUITests.swift in Sources */ = {isa = PBXBuildFile; fileRef = C40DFD7B29DD127900EC700C /* Workout_TrackerUITests.swift */; };
		C40DFD7E29DD127900EC700C /* Workout_TrackerUITestsLaunchTests.swift in Sources */ = {isa = PBXBuildFile; fileRef = C40DFD7D29DD127900EC700C /* Workout_TrackerUITestsLaunchTests.swift */; };
		C40DFD8D29DD165700EC700C /* HeaderView.swift in Sources */ = {isa = PBXBuildFile; fileRef = C40DFD8C29DD165700EC700C /* HeaderView.swift */; };
		C41478A02A9D054800CAC8E2 /* Microcycle.swift in Sources */ = {isa = PBXBuildFile; fileRef = C414789F2A9D054800CAC8E2 /* Microcycle.swift */; };
		C420B3692AB36F00006C9D22 /* ListRowStylingModifier.swift in Sources */ = {isa = PBXBuildFile; fileRef = C420B3682AB36F00006C9D22 /* ListRowStylingModifier.swift */; };
		C42472972AA0FB0700F93C8A /* BackgroundStylingModifier.swift in Sources */ = {isa = PBXBuildFile; fileRef = C42472962AA0FB0700F93C8A /* BackgroundStylingModifier.swift */; };
		C428A7E52A23EB180050CEFC /* Cycle.swift in Sources */ = {isa = PBXBuildFile; fileRef = C428A7E42A23EB180050CEFC /* Cycle.swift */; };
		C43390E52A9F9E8B00558403 /* ProgramRouter.swift in Sources */ = {isa = PBXBuildFile; fileRef = C43390E42A9F9E8B00558403 /* ProgramRouter.swift */; };
		C43390EA2A9FA0B600558403 /* ProgramRoot.swift in Sources */ = {isa = PBXBuildFile; fileRef = C43390E92A9FA0B600558403 /* ProgramRoot.swift */; };
		C43390EC2A9FA35600558403 /* MicrocycleView.swift in Sources */ = {isa = PBXBuildFile; fileRef = C43390EB2A9FA35600558403 /* MicrocycleView.swift */; };
		C4365C192A2BE611008BACCD /* ExerciseEntryRow.swift in Sources */ = {isa = PBXBuildFile; fileRef = C4365C182A2BE611008BACCD /* ExerciseEntryRow.swift */; };
		C4365C1C2A2BEBA4008BACCD /* ExerciseSetsAndRepRange.swift in Sources */ = {isa = PBXBuildFile; fileRef = C4365C1B2A2BEBA4008BACCD /* ExerciseSetsAndRepRange.swift */; };
		C4365C1E2A2BF0C3008BACCD /* ExerciseNotes.swift in Sources */ = {isa = PBXBuildFile; fileRef = C4365C1D2A2BF0C3008BACCD /* ExerciseNotes.swift */; };
		C43F72072A995E5700213521 /* MicrocycleList.swift in Sources */ = {isa = PBXBuildFile; fileRef = C43F72062A995E5700213521 /* MicrocycleList.swift */; };
		C43F72092A99603800213521 /* MicrocycleListRow.swift in Sources */ = {isa = PBXBuildFile; fileRef = C43F72082A99603800213521 /* MicrocycleListRow.swift */; };
		C4595DA229F0D81200FA1D84 /* ExerciseRecords.swift in Sources */ = {isa = PBXBuildFile; fileRef = C4595DA129F0D81200FA1D84 /* ExerciseRecords.swift */; };
		C464EE602AAA30250090CBB8 /* ExerciseList.swift in Sources */ = {isa = PBXBuildFile; fileRef = C464EE5F2AAA30250090CBB8 /* ExerciseList.swift */; };
		C464EE622AAA30E90090CBB8 /* Exercise.swift in Sources */ = {isa = PBXBuildFile; fileRef = C464EE612AAA30E90090CBB8 /* Exercise.swift */; };
		C464EE642AAA31C40090CBB8 /* ExerciseListRow.swift in Sources */ = {isa = PBXBuildFile; fileRef = C464EE632AAA31C40090CBB8 /* ExerciseListRow.swift */; };
		C476C53929E4FD2A000FCE2A /* Exercises.swift in Sources */ = {isa = PBXBuildFile; fileRef = C476C53829E4FD2A000FCE2A /* Exercises.swift */; };
		C47A242F29F5AF19005C171B /* ExerciseEntries.swift in Sources */ = {isa = PBXBuildFile; fileRef = C47A242E29F5AF19005C171B /* ExerciseEntries.swift */; };
		C47A243329F5AF67005C171B /* Mesocycles.swift in Sources */ = {isa = PBXBuildFile; fileRef = C47A243229F5AF67005C171B /* Mesocycles.swift */; };
		C47A243529F5AF95005C171B /* Microcycles.swift in Sources */ = {isa = PBXBuildFile; fileRef = C47A243429F5AF95005C171B /* Microcycles.swift */; };
		C47A243729F5AFB0005C171B /* Days.swift in Sources */ = {isa = PBXBuildFile; fileRef = C47A243629F5AFB0005C171B /* Days.swift */; };
		C47A243929F5B457005C171B /* ExerciseSets.swift in Sources */ = {isa = PBXBuildFile; fileRef = C47A243829F5B457005C171B /* ExerciseSets.swift */; };
		C48342EE29E7A0A9002E781F /* DayView.swift in Sources */ = {isa = PBXBuildFile; fileRef = C48342ED29E7A0A9002E781F /* DayView.swift */; };
		C48342F029E7A3A4002E781F /* ExerciseView.swift in Sources */ = {isa = PBXBuildFile; fileRef = C48342EF29E7A3A4002E781F /* ExerciseView.swift */; };
		C48342F329E7A8A6002E781F /* ItalicFootnote.swift in Sources */ = {isa = PBXBuildFile; fileRef = C48342F229E7A8A6002E781F /* ItalicFootnote.swift */; };
		C494E0812AA8DEC80062B5D7 /* DayProgramView.swift in Sources */ = {isa = PBXBuildFile; fileRef = C494E0802AA8DEC80062B5D7 /* DayProgramView.swift */; };
		C49B8EC92A3666F3001C64A1 /* BaseExerciseInputSheetBody.swift in Sources */ = {isa = PBXBuildFile; fileRef = C49B8EC82A3666F3001C64A1 /* BaseExerciseInputSheetBody.swift */; };
		C49B8ECC2A366934001C64A1 /* ExerciseEntryInputSheetBody.swift in Sources */ = {isa = PBXBuildFile; fileRef = C49B8ECB2A366934001C64A1 /* ExerciseEntryInputSheetBody.swift */; };
		C4A09CDD2A69D8BE000E92D8 /* BackgroundTextField.swift in Sources */ = {isa = PBXBuildFile; fileRef = C4A09CDC2A69D8BE000E92D8 /* BackgroundTextField.swift */; };
		C4A2A7762A7C9C7E00B1BC85 /* ExerciseInputSheet.swift in Sources */ = {isa = PBXBuildFile; fileRef = C4A2A7752A7C9C7E00B1BC85 /* ExerciseInputSheet.swift */; };
		C4A2E34F2AAB88A800675E09 /* CreateExerciseInputSheet.swift in Sources */ = {isa = PBXBuildFile; fileRef = C4A2E34E2AAB88A800675E09 /* CreateExerciseInputSheet.swift */; };
		C4B937562AB0CA8B00B3AB40 /* CreateExerciseInputSheetBody.swift in Sources */ = {isa = PBXBuildFile; fileRef = C4B937552AB0CA8B00B3AB40 /* CreateExerciseInputSheetBody.swift */; };
		C4BBE90D2A97D1A600E9E13E /* RoundPillButton.swift in Sources */ = {isa = PBXBuildFile; fileRef = C4BBE90C2A97D1A600E9E13E /* RoundPillButton.swift */; };
		C4DBE0322AA2457400B24AE6 /* DayList.swift in Sources */ = {isa = PBXBuildFile; fileRef = C4DBE0312AA2457400B24AE6 /* DayList.swift */; };
		C4E0027F2A967217008DD529 /* MesocycleViewModel.swift in Sources */ = {isa = PBXBuildFile; fileRef = C4E0027E2A967217008DD529 /* MesocycleViewModel.swift */; };
		C4E155FB2A95244900E106B0 /* MesocycleView.swift in Sources */ = {isa = PBXBuildFile; fileRef = C4E155FA2A95244900E106B0 /* MesocycleView.swift */; };
		C4E960282AA78ED80020FD83 /* Day.swift in Sources */ = {isa = PBXBuildFile; fileRef = C4E960272AA78ED80020FD83 /* Day.swift */; };
		C4E9602A2AA78F570020FD83 /* DayListRow.swift in Sources */ = {isa = PBXBuildFile; fileRef = C4E960292AA78F570020FD83 /* DayListRow.swift */; };
		C4E960312AA7915A0020FD83 /* ListRow.swift in Sources */ = {isa = PBXBuildFile; fileRef = C4E960302AA7915A0020FD83 /* ListRow.swift */; };
		C4EA44ED29E8F57B0072672A /* ExercistListView.swift in Sources */ = {isa = PBXBuildFile; fileRef = C4EA44EC29E8F57B0072672A /* ExercistListView.swift */; };
/* End PBXBuildFile section */

/* Begin PBXContainerItemProxy section */
		C40DFD6E29DD127900EC700C /* PBXContainerItemProxy */ = {
			isa = PBXContainerItemProxy;
			containerPortal = C40DFD5529DD127800EC700C /* Project object */;
			proxyType = 1;
			remoteGlobalIDString = C40DFD5C29DD127800EC700C;
			remoteInfo = "Workout Tracker";
		};
		C40DFD7829DD127900EC700C /* PBXContainerItemProxy */ = {
			isa = PBXContainerItemProxy;
			containerPortal = C40DFD5529DD127800EC700C /* Project object */;
			proxyType = 1;
			remoteGlobalIDString = C40DFD5C29DD127800EC700C;
			remoteInfo = "Workout Tracker";
		};
/* End PBXContainerItemProxy section */

/* Begin PBXFileReference section */
		C40DFD5D29DD127800EC700C /* Workout Tracker.app */ = {isa = PBXFileReference; explicitFileType = wrapper.application; includeInIndex = 0; path = "Workout Tracker.app"; sourceTree = BUILT_PRODUCTS_DIR; };
		C40DFD6029DD127800EC700C /* Workout_TrackerApp.swift */ = {isa = PBXFileReference; lastKnownFileType = sourcecode.swift; path = Workout_TrackerApp.swift; sourceTree = "<group>"; };
		C40DFD6229DD127800EC700C /* ContentView.swift */ = {isa = PBXFileReference; lastKnownFileType = sourcecode.swift; path = ContentView.swift; sourceTree = "<group>"; };
		C40DFD6429DD127900EC700C /* Assets.xcassets */ = {isa = PBXFileReference; lastKnownFileType = folder.assetcatalog; path = Assets.xcassets; sourceTree = "<group>"; };
		C40DFD6729DD127900EC700C /* Preview Assets.xcassets */ = {isa = PBXFileReference; lastKnownFileType = folder.assetcatalog; path = "Preview Assets.xcassets"; sourceTree = "<group>"; };
		C40DFD6D29DD127900EC700C /* Workout TrackerTests.xctest */ = {isa = PBXFileReference; explicitFileType = wrapper.cfbundle; includeInIndex = 0; path = "Workout TrackerTests.xctest"; sourceTree = BUILT_PRODUCTS_DIR; };
		C40DFD7129DD127900EC700C /* Workout_TrackerTests.swift */ = {isa = PBXFileReference; lastKnownFileType = sourcecode.swift; path = Workout_TrackerTests.swift; sourceTree = "<group>"; };
		C40DFD7729DD127900EC700C /* Workout TrackerUITests.xctest */ = {isa = PBXFileReference; explicitFileType = wrapper.cfbundle; includeInIndex = 0; path = "Workout TrackerUITests.xctest"; sourceTree = BUILT_PRODUCTS_DIR; };
		C40DFD7B29DD127900EC700C /* Workout_TrackerUITests.swift */ = {isa = PBXFileReference; lastKnownFileType = sourcecode.swift; path = Workout_TrackerUITests.swift; sourceTree = "<group>"; };
		C40DFD7D29DD127900EC700C /* Workout_TrackerUITestsLaunchTests.swift */ = {isa = PBXFileReference; lastKnownFileType = sourcecode.swift; path = Workout_TrackerUITestsLaunchTests.swift; sourceTree = "<group>"; };
		C40DFD8C29DD165700EC700C /* HeaderView.swift */ = {isa = PBXFileReference; lastKnownFileType = sourcecode.swift; path = HeaderView.swift; sourceTree = "<group>"; };
		C414789F2A9D054800CAC8E2 /* Microcycle.swift */ = {isa = PBXFileReference; lastKnownFileType = sourcecode.swift; path = Microcycle.swift; sourceTree = "<group>"; };
		C420B3682AB36F00006C9D22 /* ListRowStylingModifier.swift */ = {isa = PBXFileReference; lastKnownFileType = sourcecode.swift; path = ListRowStylingModifier.swift; sourceTree = "<group>"; };
		C42472962AA0FB0700F93C8A /* BackgroundStylingModifier.swift */ = {isa = PBXFileReference; lastKnownFileType = sourcecode.swift; path = BackgroundStylingModifier.swift; sourceTree = "<group>"; };
		C428A7E42A23EB180050CEFC /* Cycle.swift */ = {isa = PBXFileReference; lastKnownFileType = sourcecode.swift; path = Cycle.swift; sourceTree = "<group>"; };
		C43390E42A9F9E8B00558403 /* ProgramRouter.swift */ = {isa = PBXFileReference; lastKnownFileType = sourcecode.swift; path = ProgramRouter.swift; sourceTree = "<group>"; };
		C43390E92A9FA0B600558403 /* ProgramRoot.swift */ = {isa = PBXFileReference; lastKnownFileType = sourcecode.swift; path = ProgramRoot.swift; sourceTree = "<group>"; };
		C43390EB2A9FA35600558403 /* MicrocycleView.swift */ = {isa = PBXFileReference; lastKnownFileType = sourcecode.swift; path = MicrocycleView.swift; sourceTree = "<group>"; };
		C4365C182A2BE611008BACCD /* ExerciseEntryRow.swift */ = {isa = PBXFileReference; lastKnownFileType = sourcecode.swift; name = ExerciseEntryRow.swift; path = "Workout Tracker/Components/Exercise/ExerciseEntryRow.swift"; sourceTree = SOURCE_ROOT; };
		C4365C1B2A2BEBA4008BACCD /* ExerciseSetsAndRepRange.swift */ = {isa = PBXFileReference; lastKnownFileType = sourcecode.swift; path = ExerciseSetsAndRepRange.swift; sourceTree = "<group>"; };
		C4365C1D2A2BF0C3008BACCD /* ExerciseNotes.swift */ = {isa = PBXFileReference; lastKnownFileType = sourcecode.swift; path = ExerciseNotes.swift; sourceTree = "<group>"; };
		C43F72062A995E5700213521 /* MicrocycleList.swift */ = {isa = PBXFileReference; lastKnownFileType = sourcecode.swift; path = MicrocycleList.swift; sourceTree = "<group>"; };
		C43F72082A99603800213521 /* MicrocycleListRow.swift */ = {isa = PBXFileReference; lastKnownFileType = sourcecode.swift; path = MicrocycleListRow.swift; sourceTree = "<group>"; };
		C4595DA129F0D81200FA1D84 /* ExerciseRecords.swift */ = {isa = PBXFileReference; lastKnownFileType = sourcecode.swift; path = ExerciseRecords.swift; sourceTree = "<group>"; };
		C464EE5F2AAA30250090CBB8 /* ExerciseList.swift */ = {isa = PBXFileReference; lastKnownFileType = sourcecode.swift; path = ExerciseList.swift; sourceTree = "<group>"; };
		C464EE612AAA30E90090CBB8 /* Exercise.swift */ = {isa = PBXFileReference; lastKnownFileType = sourcecode.swift; path = Exercise.swift; sourceTree = "<group>"; };
		C464EE632AAA31C40090CBB8 /* ExerciseListRow.swift */ = {isa = PBXFileReference; lastKnownFileType = sourcecode.swift; path = ExerciseListRow.swift; sourceTree = "<group>"; };
		C476C53829E4FD2A000FCE2A /* Exercises.swift */ = {isa = PBXFileReference; lastKnownFileType = sourcecode.swift; path = Exercises.swift; sourceTree = "<group>"; };
		C47A242E29F5AF19005C171B /* ExerciseEntries.swift */ = {isa = PBXFileReference; lastKnownFileType = sourcecode.swift; path = ExerciseEntries.swift; sourceTree = "<group>"; };
		C47A243229F5AF67005C171B /* Mesocycles.swift */ = {isa = PBXFileReference; lastKnownFileType = sourcecode.swift; path = Mesocycles.swift; sourceTree = "<group>"; };
		C47A243429F5AF95005C171B /* Microcycles.swift */ = {isa = PBXFileReference; lastKnownFileType = sourcecode.swift; path = Microcycles.swift; sourceTree = "<group>"; };
		C47A243629F5AFB0005C171B /* Days.swift */ = {isa = PBXFileReference; lastKnownFileType = sourcecode.swift; path = Days.swift; sourceTree = "<group>"; };
		C47A243829F5B457005C171B /* ExerciseSets.swift */ = {isa = PBXFileReference; lastKnownFileType = sourcecode.swift; path = ExerciseSets.swift; sourceTree = "<group>"; };
		C48342ED29E7A0A9002E781F /* DayView.swift */ = {isa = PBXFileReference; lastKnownFileType = sourcecode.swift; path = DayView.swift; sourceTree = "<group>"; };
		C48342EF29E7A3A4002E781F /* ExerciseView.swift */ = {isa = PBXFileReference; lastKnownFileType = sourcecode.swift; path = ExerciseView.swift; sourceTree = "<group>"; };
		C48342F229E7A8A6002E781F /* ItalicFootnote.swift */ = {isa = PBXFileReference; lastKnownFileType = sourcecode.swift; path = ItalicFootnote.swift; sourceTree = "<group>"; };
		C494E0802AA8DEC80062B5D7 /* DayProgramView.swift */ = {isa = PBXFileReference; lastKnownFileType = sourcecode.swift; path = DayProgramView.swift; sourceTree = "<group>"; };
		C49B8EC82A3666F3001C64A1 /* BaseExerciseInputSheetBody.swift */ = {isa = PBXFileReference; lastKnownFileType = sourcecode.swift; path = BaseExerciseInputSheetBody.swift; sourceTree = "<group>"; };
		C49B8ECB2A366934001C64A1 /* ExerciseEntryInputSheetBody.swift */ = {isa = PBXFileReference; lastKnownFileType = sourcecode.swift; path = ExerciseEntryInputSheetBody.swift; sourceTree = "<group>"; };
		C4A09CDC2A69D8BE000E92D8 /* BackgroundTextField.swift */ = {isa = PBXFileReference; lastKnownFileType = sourcecode.swift; path = BackgroundTextField.swift; sourceTree = "<group>"; };
		C4A2A7752A7C9C7E00B1BC85 /* ExerciseInputSheet.swift */ = {isa = PBXFileReference; lastKnownFileType = sourcecode.swift; path = ExerciseInputSheet.swift; sourceTree = "<group>"; };
		C4A2E34E2AAB88A800675E09 /* CreateExerciseInputSheet.swift */ = {isa = PBXFileReference; lastKnownFileType = sourcecode.swift; path = CreateExerciseInputSheet.swift; sourceTree = "<group>"; };
		C4B937552AB0CA8B00B3AB40 /* CreateExerciseInputSheetBody.swift */ = {isa = PBXFileReference; lastKnownFileType = sourcecode.swift; path = CreateExerciseInputSheetBody.swift; sourceTree = "<group>"; };
		C4BBE90C2A97D1A600E9E13E /* RoundPillButton.swift */ = {isa = PBXFileReference; lastKnownFileType = sourcecode.swift; path = RoundPillButton.swift; sourceTree = "<group>"; };
		C4DBE0312AA2457400B24AE6 /* DayList.swift */ = {isa = PBXFileReference; lastKnownFileType = sourcecode.swift; path = DayList.swift; sourceTree = "<group>"; };
		C4E0027E2A967217008DD529 /* MesocycleViewModel.swift */ = {isa = PBXFileReference; lastKnownFileType = sourcecode.swift; path = MesocycleViewModel.swift; sourceTree = "<group>"; };
		C4E155FA2A95244900E106B0 /* MesocycleView.swift */ = {isa = PBXFileReference; lastKnownFileType = sourcecode.swift; path = MesocycleView.swift; sourceTree = "<group>"; };
		C4E960272AA78ED80020FD83 /* Day.swift */ = {isa = PBXFileReference; lastKnownFileType = sourcecode.swift; path = Day.swift; sourceTree = "<group>"; };
		C4E960292AA78F570020FD83 /* DayListRow.swift */ = {isa = PBXFileReference; lastKnownFileType = sourcecode.swift; path = DayListRow.swift; sourceTree = "<group>"; };
		C4E960302AA7915A0020FD83 /* ListRow.swift */ = {isa = PBXFileReference; lastKnownFileType = sourcecode.swift; path = ListRow.swift; sourceTree = "<group>"; };
		C4EA44EC29E8F57B0072672A /* ExercistListView.swift */ = {isa = PBXFileReference; lastKnownFileType = sourcecode.swift; path = ExercistListView.swift; sourceTree = "<group>"; };
/* End PBXFileReference section */

/* Begin PBXFrameworksBuildPhase section */
		C40DFD5A29DD127800EC700C /* Frameworks */ = {
			isa = PBXFrameworksBuildPhase;
			buildActionMask = 2147483647;
			files = (
			);
			runOnlyForDeploymentPostprocessing = 0;
		};
		C40DFD6A29DD127900EC700C /* Frameworks */ = {
			isa = PBXFrameworksBuildPhase;
			buildActionMask = 2147483647;
			files = (
			);
			runOnlyForDeploymentPostprocessing = 0;
		};
		C40DFD7429DD127900EC700C /* Frameworks */ = {
			isa = PBXFrameworksBuildPhase;
			buildActionMask = 2147483647;
			files = (
			);
			runOnlyForDeploymentPostprocessing = 0;
		};
/* End PBXFrameworksBuildPhase section */

/* Begin PBXGroup section */
		C40DFD5429DD127800EC700C = {
			isa = PBXGroup;
			children = (
				C40DFD5F29DD127800EC700C /* Workout Tracker */,
				C40DFD7029DD127900EC700C /* Workout TrackerTests */,
				C40DFD7A29DD127900EC700C /* Workout TrackerUITests */,
				C40DFD5E29DD127800EC700C /* Products */,
			);
			sourceTree = "<group>";
		};
		C40DFD5E29DD127800EC700C /* Products */ = {
			isa = PBXGroup;
			children = (
				C40DFD5D29DD127800EC700C /* Workout Tracker.app */,
				C40DFD6D29DD127900EC700C /* Workout TrackerTests.xctest */,
				C40DFD7729DD127900EC700C /* Workout TrackerUITests.xctest */,
			);
			name = Products;
			sourceTree = "<group>";
		};
		C40DFD5F29DD127800EC700C /* Workout Tracker */ = {
			isa = PBXGroup;
			children = (
				C43390E62A9F9EA800558403 /* Routers */,
				C4E0027D2A967205008DD529 /* ViewModels */,
				C4E0027C2A96683D008DD529 /* API */,
				C428A7E32A23EAF10050CEFC /* Utils */,
				C4C0F94D29E654160090C0EE /* Pages */,
				C476C53729E4FC93000FCE2A /* Mock Data */,
				C40DFD8B29DD163300EC700C /* Components */,
				C40DFD6029DD127800EC700C /* Workout_TrackerApp.swift */,
				C40DFD6229DD127800EC700C /* ContentView.swift */,
				C40DFD6429DD127900EC700C /* Assets.xcassets */,
				C40DFD6629DD127900EC700C /* Preview Content */,
			);
			path = "Workout Tracker";
			sourceTree = "<group>";
		};
		C40DFD6629DD127900EC700C /* Preview Content */ = {
			isa = PBXGroup;
			children = (
				C40DFD6729DD127900EC700C /* Preview Assets.xcassets */,
			);
			path = "Preview Content";
			sourceTree = "<group>";
		};
		C40DFD7029DD127900EC700C /* Workout TrackerTests */ = {
			isa = PBXGroup;
			children = (
				C40DFD7129DD127900EC700C /* Workout_TrackerTests.swift */,
			);
			path = "Workout TrackerTests";
			sourceTree = "<group>";
		};
		C40DFD7A29DD127900EC700C /* Workout TrackerUITests */ = {
			isa = PBXGroup;
			children = (
				C40DFD7B29DD127900EC700C /* Workout_TrackerUITests.swift */,
				C40DFD7D29DD127900EC700C /* Workout_TrackerUITestsLaunchTests.swift */,
			);
			path = "Workout TrackerUITests";
			sourceTree = "<group>";
		};
		C40DFD8B29DD163300EC700C /* Components */ = {
			isa = PBXGroup;
			children = (
				C4A2E34D2AAB886800675E09 /* CreateExerciseInputSheet */,
				C43F72052A995E1300213521 /* ProgramLists */,
				C4BBE90B2A97D19900E9E13E /* Buttons */,
				C4A09CDB2A69D894000E92D8 /* TextField */,
				C49B8ECA2A3666FE001C64A1 /* ExerciseInputSheet */,
				C4365C1A2A2BEB89008BACCD /* Exercise */,
				C48342F129E7A882002E781F /* Text */,
				C40DFD8C29DD165700EC700C /* HeaderView.swift */,
			);
			path = Components;
			sourceTree = "<group>";
		};
		C420B3672AB36EEC006C9D22 /* Modifiers */ = {
			isa = PBXGroup;
			children = (
				C420B3682AB36F00006C9D22 /* ListRowStylingModifier.swift */,
			);
			path = Modifiers;
			sourceTree = "<group>";
		};
		C42472952AA0FAE700F93C8A /* Modifiers */ = {
			isa = PBXGroup;
			children = (
				C42472962AA0FB0700F93C8A /* BackgroundStylingModifier.swift */,
			);
			path = Modifiers;
			sourceTree = "<group>";
		};
		C428A7E32A23EAF10050CEFC /* Utils */ = {
			isa = PBXGroup;
			children = (
				C428A7E42A23EB180050CEFC /* Cycle.swift */,
				C414789F2A9D054800CAC8E2 /* Microcycle.swift */,
				C4E960272AA78ED80020FD83 /* Day.swift */,
				C464EE612AAA30E90090CBB8 /* Exercise.swift */,
			);
			path = Utils;
			sourceTree = "<group>";
		};
		C43390E62A9F9EA800558403 /* Routers */ = {
			isa = PBXGroup;
			children = (
				C43390E42A9F9E8B00558403 /* ProgramRouter.swift */,
			);
			path = Routers;
			sourceTree = "<group>";
		};
		C43390E72A9FA09700558403 /* ProgramTab */ = {
			isa = PBXGroup;
			children = (
				C42472952AA0FAE700F93C8A /* Modifiers */,
				C4E155FA2A95244900E106B0 /* MesocycleView.swift */,
				C43390E92A9FA0B600558403 /* ProgramRoot.swift */,
				C43390EB2A9FA35600558403 /* MicrocycleView.swift */,
				C494E0802AA8DEC80062B5D7 /* DayProgramView.swift */,
			);
			path = ProgramTab;
			sourceTree = "<group>";
		};
		C43390E82A9FA0A500558403 /* TodayTab */ = {
			isa = PBXGroup;
			children = (
				C48342ED29E7A0A9002E781F /* DayView.swift */,
			);
			path = TodayTab;
			sourceTree = "<group>";
		};
		C4365C1A2A2BEB89008BACCD /* Exercise */ = {
			isa = PBXGroup;
			children = (
				C48342EF29E7A3A4002E781F /* ExerciseView.swift */,
				C4365C182A2BE611008BACCD /* ExerciseEntryRow.swift */,
				C4EA44EC29E8F57B0072672A /* ExercistListView.swift */,
				C4365C1B2A2BEBA4008BACCD /* ExerciseSetsAndRepRange.swift */,
				C4365C1D2A2BF0C3008BACCD /* ExerciseNotes.swift */,
			);
			path = Exercise;
			sourceTree = "<group>";
		};
		C43F72052A995E1300213521 /* ProgramLists */ = {
			isa = PBXGroup;
			children = (
				C420B3672AB36EEC006C9D22 /* Modifiers */,
				C43F72062A995E5700213521 /* MicrocycleList.swift */,
				C43F72082A99603800213521 /* MicrocycleListRow.swift */,
				C4DBE0312AA2457400B24AE6 /* DayList.swift */,
				C4E960292AA78F570020FD83 /* DayListRow.swift */,
				C4E960302AA7915A0020FD83 /* ListRow.swift */,
				C464EE5F2AAA30250090CBB8 /* ExerciseList.swift */,
				C464EE632AAA31C40090CBB8 /* ExerciseListRow.swift */,
			);
			path = ProgramLists;
			sourceTree = "<group>";
		};
		C476C53729E4FC93000FCE2A /* Mock Data */ = {
			isa = PBXGroup;
			children = (
				C47A243129F5AF5D005C171B /* Cycle */,
				C47A243029F5AF48005C171B /* Exercise */,
			);
			path = "Mock Data";
			sourceTree = "<group>";
		};
		C47A243029F5AF48005C171B /* Exercise */ = {
			isa = PBXGroup;
			children = (
				C476C53829E4FD2A000FCE2A /* Exercises.swift */,
				C4595DA129F0D81200FA1D84 /* ExerciseRecords.swift */,
				C47A242E29F5AF19005C171B /* ExerciseEntries.swift */,
				C47A243829F5B457005C171B /* ExerciseSets.swift */,
			);
			path = Exercise;
			sourceTree = "<group>";
		};
		C47A243129F5AF5D005C171B /* Cycle */ = {
			isa = PBXGroup;
			children = (
				C47A243229F5AF67005C171B /* Mesocycles.swift */,
				C47A243429F5AF95005C171B /* Microcycles.swift */,
				C47A243629F5AFB0005C171B /* Days.swift */,
			);
			path = Cycle;
			sourceTree = "<group>";
		};
		C48342F129E7A882002E781F /* Text */ = {
			isa = PBXGroup;
			children = (
				C48342F229E7A8A6002E781F /* ItalicFootnote.swift */,
			);
			path = Text;
			sourceTree = "<group>";
		};
		C49B8ECA2A3666FE001C64A1 /* ExerciseInputSheet */ = {
			isa = PBXGroup;
			children = (
				C49B8EC82A3666F3001C64A1 /* BaseExerciseInputSheetBody.swift */,
				C49B8ECB2A366934001C64A1 /* ExerciseEntryInputSheetBody.swift */,
				C4A2A7752A7C9C7E00B1BC85 /* ExerciseInputSheet.swift */,
			);
			path = ExerciseInputSheet;
			sourceTree = "<group>";
		};
		C4A09CDB2A69D894000E92D8 /* TextField */ = {
			isa = PBXGroup;
			children = (
				C4A09CDC2A69D8BE000E92D8 /* BackgroundTextField.swift */,
			);
			path = TextField;
			sourceTree = "<group>";
		};
		C4A2E34D2AAB886800675E09 /* CreateExerciseInputSheet */ = {
			isa = PBXGroup;
			children = (
				C4A2E34E2AAB88A800675E09 /* CreateExerciseInputSheet.swift */,
				C4B937552AB0CA8B00B3AB40 /* CreateExerciseInputSheetBody.swift */,
			);
			path = CreateExerciseInputSheet;
			sourceTree = "<group>";
		};
		C4BBE90B2A97D19900E9E13E /* Buttons */ = {
			isa = PBXGroup;
			children = (
				C4BBE90C2A97D1A600E9E13E /* RoundPillButton.swift */,
			);
			path = Buttons;
			sourceTree = "<group>";
		};
		C4C0F94D29E654160090C0EE /* Pages */ = {
			isa = PBXGroup;
			children = (
				C43390E82A9FA0A500558403 /* TodayTab */,
				C43390E72A9FA09700558403 /* ProgramTab */,
			);
			path = Pages;
			sourceTree = "<group>";
		};
		C4E0027C2A96683D008DD529 /* API */ = {
			isa = PBXGroup;
			children = (
			);
			path = API;
			sourceTree = "<group>";
		};
		C4E0027D2A967205008DD529 /* ViewModels */ = {
			isa = PBXGroup;
			children = (
				C4E0027E2A967217008DD529 /* MesocycleViewModel.swift */,
			);
			path = ViewModels;
			sourceTree = "<group>";
		};
/* End PBXGroup section */

/* Begin PBXNativeTarget section */
		C40DFD5C29DD127800EC700C /* Workout Tracker */ = {
			isa = PBXNativeTarget;
			buildConfigurationList = C40DFD8129DD127900EC700C /* Build configuration list for PBXNativeTarget "Workout Tracker" */;
			buildPhases = (
				C40DFD5929DD127800EC700C /* Sources */,
				C40DFD5A29DD127800EC700C /* Frameworks */,
				C40DFD5B29DD127800EC700C /* Resources */,
			);
			buildRules = (
			);
			dependencies = (
			);
			name = "Workout Tracker";
			productName = "Workout Tracker";
			productReference = C40DFD5D29DD127800EC700C /* Workout Tracker.app */;
			productType = "com.apple.product-type.application";
		};
		C40DFD6C29DD127900EC700C /* Workout TrackerTests */ = {
			isa = PBXNativeTarget;
			buildConfigurationList = C40DFD8429DD127900EC700C /* Build configuration list for PBXNativeTarget "Workout TrackerTests" */;
			buildPhases = (
				C40DFD6929DD127900EC700C /* Sources */,
				C40DFD6A29DD127900EC700C /* Frameworks */,
				C40DFD6B29DD127900EC700C /* Resources */,
			);
			buildRules = (
			);
			dependencies = (
				C40DFD6F29DD127900EC700C /* PBXTargetDependency */,
			);
			name = "Workout TrackerTests";
			productName = "Workout TrackerTests";
			productReference = C40DFD6D29DD127900EC700C /* Workout TrackerTests.xctest */;
			productType = "com.apple.product-type.bundle.unit-test";
		};
		C40DFD7629DD127900EC700C /* Workout TrackerUITests */ = {
			isa = PBXNativeTarget;
			buildConfigurationList = C40DFD8729DD127900EC700C /* Build configuration list for PBXNativeTarget "Workout TrackerUITests" */;
			buildPhases = (
				C40DFD7329DD127900EC700C /* Sources */,
				C40DFD7429DD127900EC700C /* Frameworks */,
				C40DFD7529DD127900EC700C /* Resources */,
			);
			buildRules = (
			);
			dependencies = (
				C40DFD7929DD127900EC700C /* PBXTargetDependency */,
			);
			name = "Workout TrackerUITests";
			productName = "Workout TrackerUITests";
			productReference = C40DFD7729DD127900EC700C /* Workout TrackerUITests.xctest */;
			productType = "com.apple.product-type.bundle.ui-testing";
		};
/* End PBXNativeTarget section */

/* Begin PBXProject section */
		C40DFD5529DD127800EC700C /* Project object */ = {
			isa = PBXProject;
			attributes = {
				BuildIndependentTargetsInParallel = 1;
				LastSwiftUpdateCheck = 1420;
				LastUpgradeCheck = 1420;
				TargetAttributes = {
					C40DFD5C29DD127800EC700C = {
						CreatedOnToolsVersion = 14.2;
					};
					C40DFD6C29DD127900EC700C = {
						CreatedOnToolsVersion = 14.2;
						TestTargetID = C40DFD5C29DD127800EC700C;
					};
					C40DFD7629DD127900EC700C = {
						CreatedOnToolsVersion = 14.2;
						TestTargetID = C40DFD5C29DD127800EC700C;
					};
				};
			};
			buildConfigurationList = C40DFD5829DD127800EC700C /* Build configuration list for PBXProject "Workout Tracker" */;
			compatibilityVersion = "Xcode 14.0";
			developmentRegion = en;
			hasScannedForEncodings = 0;
			knownRegions = (
				en,
				Base,
			);
			mainGroup = C40DFD5429DD127800EC700C;
			productRefGroup = C40DFD5E29DD127800EC700C /* Products */;
			projectDirPath = "";
			projectRoot = "";
			targets = (
				C40DFD5C29DD127800EC700C /* Workout Tracker */,
				C40DFD6C29DD127900EC700C /* Workout TrackerTests */,
				C40DFD7629DD127900EC700C /* Workout TrackerUITests */,
			);
		};
/* End PBXProject section */

/* Begin PBXResourcesBuildPhase section */
		C40DFD5B29DD127800EC700C /* Resources */ = {
			isa = PBXResourcesBuildPhase;
			buildActionMask = 2147483647;
			files = (
				C40DFD6829DD127900EC700C /* Preview Assets.xcassets in Resources */,
				C40DFD6529DD127900EC700C /* Assets.xcassets in Resources */,
			);
			runOnlyForDeploymentPostprocessing = 0;
		};
		C40DFD6B29DD127900EC700C /* Resources */ = {
			isa = PBXResourcesBuildPhase;
			buildActionMask = 2147483647;
			files = (
			);
			runOnlyForDeploymentPostprocessing = 0;
		};
		C40DFD7529DD127900EC700C /* Resources */ = {
			isa = PBXResourcesBuildPhase;
			buildActionMask = 2147483647;
			files = (
			);
			runOnlyForDeploymentPostprocessing = 0;
		};
/* End PBXResourcesBuildPhase section */

/* Begin PBXSourcesBuildPhase section */
		C40DFD5929DD127800EC700C /* Sources */ = {
			isa = PBXSourcesBuildPhase;
			buildActionMask = 2147483647;
			files = (
				C48342F029E7A3A4002E781F /* ExerciseView.swift in Sources */,
				C47A243529F5AF95005C171B /* Microcycles.swift in Sources */,
				C4365C1C2A2BEBA4008BACCD /* ExerciseSetsAndRepRange.swift in Sources */,
				C4A09CDD2A69D8BE000E92D8 /* BackgroundTextField.swift in Sources */,
				C4E155FB2A95244900E106B0 /* MesocycleView.swift in Sources */,
				C4E9602A2AA78F570020FD83 /* DayListRow.swift in Sources */,
				C4DBE0322AA2457400B24AE6 /* DayList.swift in Sources */,
				C40DFD6329DD127800EC700C /* ContentView.swift in Sources */,
				C4E960312AA7915A0020FD83 /* ListRow.swift in Sources */,
				C43390EC2A9FA35600558403 /* MicrocycleView.swift in Sources */,
				C4365C192A2BE611008BACCD /* ExerciseEntryRow.swift in Sources */,
				C4A2A7762A7C9C7E00B1BC85 /* ExerciseInputSheet.swift in Sources */,
				C42472972AA0FB0700F93C8A /* BackgroundStylingModifier.swift in Sources */,
				C494E0812AA8DEC80062B5D7 /* DayProgramView.swift in Sources */,
				C48342EE29E7A0A9002E781F /* DayView.swift in Sources */,
				C476C53929E4FD2A000FCE2A /* Exercises.swift in Sources */,
				C43390EA2A9FA0B600558403 /* ProgramRoot.swift in Sources */,
				C4A2E34F2AAB88A800675E09 /* CreateExerciseInputSheet.swift in Sources */,
				C41478A02A9D054800CAC8E2 /* Microcycle.swift in Sources */,
				C40DFD8D29DD165700EC700C /* HeaderView.swift in Sources */,
				C4E0027F2A967217008DD529 /* MesocycleViewModel.swift in Sources */,
				C47A243929F5B457005C171B /* ExerciseSets.swift in Sources */,
				C4BBE90D2A97D1A600E9E13E /* RoundPillButton.swift in Sources */,
				C47A242F29F5AF19005C171B /* ExerciseEntries.swift in Sources */,
				C43F72092A99603800213521 /* MicrocycleListRow.swift in Sources */,
				C47A243729F5AFB0005C171B /* Days.swift in Sources */,
				C4595DA229F0D81200FA1D84 /* ExerciseRecords.swift in Sources */,
				C43F72072A995E5700213521 /* MicrocycleList.swift in Sources */,
				C40DFD6129DD127800EC700C /* Workout_TrackerApp.swift in Sources */,
				C464EE642AAA31C40090CBB8 /* ExerciseListRow.swift in Sources */,
				C43390E52A9F9E8B00558403 /* ProgramRouter.swift in Sources */,
				C428A7E52A23EB180050CEFC /* Cycle.swift in Sources */,
				C48342F329E7A8A6002E781F /* ItalicFootnote.swift in Sources */,
				C464EE602AAA30250090CBB8 /* ExerciseList.swift in Sources */,
				C4E960282AA78ED80020FD83 /* Day.swift in Sources */,
				C47A243329F5AF67005C171B /* Mesocycles.swift in Sources */,
				C49B8EC92A3666F3001C64A1 /* BaseExerciseInputSheetBody.swift in Sources */,
				C4B937562AB0CA8B00B3AB40 /* CreateExerciseInputSheetBody.swift in Sources */,
				C464EE622AAA30E90090CBB8 /* Exercise.swift in Sources */,
				C420B3692AB36F00006C9D22 /* ListRowStylingModifier.swift in Sources */,
				C4EA44ED29E8F57B0072672A /* ExercistListView.swift in Sources */,
				C4365C1E2A2BF0C3008BACCD /* ExerciseNotes.swift in Sources */,
				C49B8ECC2A366934001C64A1 /* ExerciseEntryInputSheetBody.swift in Sources */,
			);
			runOnlyForDeploymentPostprocessing = 0;
		};
		C40DFD6929DD127900EC700C /* Sources */ = {
			isa = PBXSourcesBuildPhase;
			buildActionMask = 2147483647;
			files = (
				C40DFD7229DD127900EC700C /* Workout_TrackerTests.swift in Sources */,
			);
			runOnlyForDeploymentPostprocessing = 0;
		};
		C40DFD7329DD127900EC700C /* Sources */ = {
			isa = PBXSourcesBuildPhase;
			buildActionMask = 2147483647;
			files = (
				C40DFD7C29DD127900EC700C /* Workout_TrackerUITests.swift in Sources */,
				C40DFD7E29DD127900EC700C /* Workout_TrackerUITestsLaunchTests.swift in Sources */,
			);
			runOnlyForDeploymentPostprocessing = 0;
		};
/* End PBXSourcesBuildPhase section */

/* Begin PBXTargetDependency section */
		C40DFD6F29DD127900EC700C /* PBXTargetDependency */ = {
			isa = PBXTargetDependency;
			target = C40DFD5C29DD127800EC700C /* Workout Tracker */;
			targetProxy = C40DFD6E29DD127900EC700C /* PBXContainerItemProxy */;
		};
		C40DFD7929DD127900EC700C /* PBXTargetDependency */ = {
			isa = PBXTargetDependency;
			target = C40DFD5C29DD127800EC700C /* Workout Tracker */;
			targetProxy = C40DFD7829DD127900EC700C /* PBXContainerItemProxy */;
		};
/* End PBXTargetDependency section */

/* Begin XCBuildConfiguration section */
		C40DFD7F29DD127900EC700C /* Debug */ = {
			isa = XCBuildConfiguration;
			buildSettings = {
				ALWAYS_SEARCH_USER_PATHS = NO;
				CLANG_ANALYZER_NONNULL = YES;
				CLANG_ANALYZER_NUMBER_OBJECT_CONVERSION = YES_AGGRESSIVE;
				CLANG_CXX_LANGUAGE_STANDARD = "gnu++20";
				CLANG_ENABLE_MODULES = YES;
				CLANG_ENABLE_OBJC_ARC = YES;
				CLANG_ENABLE_OBJC_WEAK = YES;
				CLANG_WARN_BLOCK_CAPTURE_AUTORELEASING = YES;
				CLANG_WARN_BOOL_CONVERSION = YES;
				CLANG_WARN_COMMA = YES;
				CLANG_WARN_CONSTANT_CONVERSION = YES;
				CLANG_WARN_DEPRECATED_OBJC_IMPLEMENTATIONS = YES;
				CLANG_WARN_DIRECT_OBJC_ISA_USAGE = YES_ERROR;
				CLANG_WARN_DOCUMENTATION_COMMENTS = YES;
				CLANG_WARN_EMPTY_BODY = YES;
				CLANG_WARN_ENUM_CONVERSION = YES;
				CLANG_WARN_INFINITE_RECURSION = YES;
				CLANG_WARN_INT_CONVERSION = YES;
				CLANG_WARN_NON_LITERAL_NULL_CONVERSION = YES;
				CLANG_WARN_OBJC_IMPLICIT_RETAIN_SELF = YES;
				CLANG_WARN_OBJC_LITERAL_CONVERSION = YES;
				CLANG_WARN_OBJC_ROOT_CLASS = YES_ERROR;
				CLANG_WARN_QUOTED_INCLUDE_IN_FRAMEWORK_HEADER = YES;
				CLANG_WARN_RANGE_LOOP_ANALYSIS = YES;
				CLANG_WARN_STRICT_PROTOTYPES = YES;
				CLANG_WARN_SUSPICIOUS_MOVE = YES;
				CLANG_WARN_UNGUARDED_AVAILABILITY = YES_AGGRESSIVE;
				CLANG_WARN_UNREACHABLE_CODE = YES;
				CLANG_WARN__DUPLICATE_METHOD_MATCH = YES;
				COPY_PHASE_STRIP = NO;
				DEBUG_INFORMATION_FORMAT = dwarf;
				ENABLE_STRICT_OBJC_MSGSEND = YES;
				ENABLE_TESTABILITY = YES;
				GCC_C_LANGUAGE_STANDARD = gnu11;
				GCC_DYNAMIC_NO_PIC = NO;
				GCC_NO_COMMON_BLOCKS = YES;
				GCC_OPTIMIZATION_LEVEL = 0;
				GCC_PREPROCESSOR_DEFINITIONS = (
					"DEBUG=1",
					"$(inherited)",
				);
				GCC_WARN_64_TO_32_BIT_CONVERSION = YES;
				GCC_WARN_ABOUT_RETURN_TYPE = YES_ERROR;
				GCC_WARN_UNDECLARED_SELECTOR = YES;
				GCC_WARN_UNINITIALIZED_AUTOS = YES_AGGRESSIVE;
				GCC_WARN_UNUSED_FUNCTION = YES;
				GCC_WARN_UNUSED_VARIABLE = YES;
				IPHONEOS_DEPLOYMENT_TARGET = 16.2;
				MTL_ENABLE_DEBUG_INFO = INCLUDE_SOURCE;
				MTL_FAST_MATH = YES;
				ONLY_ACTIVE_ARCH = YES;
				SDKROOT = iphoneos;
				SWIFT_ACTIVE_COMPILATION_CONDITIONS = DEBUG;
				SWIFT_OPTIMIZATION_LEVEL = "-Onone";
			};
			name = Debug;
		};
		C40DFD8029DD127900EC700C /* Release */ = {
			isa = XCBuildConfiguration;
			buildSettings = {
				ALWAYS_SEARCH_USER_PATHS = NO;
				CLANG_ANALYZER_NONNULL = YES;
				CLANG_ANALYZER_NUMBER_OBJECT_CONVERSION = YES_AGGRESSIVE;
				CLANG_CXX_LANGUAGE_STANDARD = "gnu++20";
				CLANG_ENABLE_MODULES = YES;
				CLANG_ENABLE_OBJC_ARC = YES;
				CLANG_ENABLE_OBJC_WEAK = YES;
				CLANG_WARN_BLOCK_CAPTURE_AUTORELEASING = YES;
				CLANG_WARN_BOOL_CONVERSION = YES;
				CLANG_WARN_COMMA = YES;
				CLANG_WARN_CONSTANT_CONVERSION = YES;
				CLANG_WARN_DEPRECATED_OBJC_IMPLEMENTATIONS = YES;
				CLANG_WARN_DIRECT_OBJC_ISA_USAGE = YES_ERROR;
				CLANG_WARN_DOCUMENTATION_COMMENTS = YES;
				CLANG_WARN_EMPTY_BODY = YES;
				CLANG_WARN_ENUM_CONVERSION = YES;
				CLANG_WARN_INFINITE_RECURSION = YES;
				CLANG_WARN_INT_CONVERSION = YES;
				CLANG_WARN_NON_LITERAL_NULL_CONVERSION = YES;
				CLANG_WARN_OBJC_IMPLICIT_RETAIN_SELF = YES;
				CLANG_WARN_OBJC_LITERAL_CONVERSION = YES;
				CLANG_WARN_OBJC_ROOT_CLASS = YES_ERROR;
				CLANG_WARN_QUOTED_INCLUDE_IN_FRAMEWORK_HEADER = YES;
				CLANG_WARN_RANGE_LOOP_ANALYSIS = YES;
				CLANG_WARN_STRICT_PROTOTYPES = YES;
				CLANG_WARN_SUSPICIOUS_MOVE = YES;
				CLANG_WARN_UNGUARDED_AVAILABILITY = YES_AGGRESSIVE;
				CLANG_WARN_UNREACHABLE_CODE = YES;
				CLANG_WARN__DUPLICATE_METHOD_MATCH = YES;
				COPY_PHASE_STRIP = NO;
				DEBUG_INFORMATION_FORMAT = "dwarf-with-dsym";
				ENABLE_NS_ASSERTIONS = NO;
				ENABLE_STRICT_OBJC_MSGSEND = YES;
				GCC_C_LANGUAGE_STANDARD = gnu11;
				GCC_NO_COMMON_BLOCKS = YES;
				GCC_WARN_64_TO_32_BIT_CONVERSION = YES;
				GCC_WARN_ABOUT_RETURN_TYPE = YES_ERROR;
				GCC_WARN_UNDECLARED_SELECTOR = YES;
				GCC_WARN_UNINITIALIZED_AUTOS = YES_AGGRESSIVE;
				GCC_WARN_UNUSED_FUNCTION = YES;
				GCC_WARN_UNUSED_VARIABLE = YES;
				IPHONEOS_DEPLOYMENT_TARGET = 16.2;
				MTL_ENABLE_DEBUG_INFO = NO;
				MTL_FAST_MATH = YES;
				SDKROOT = iphoneos;
				SWIFT_COMPILATION_MODE = wholemodule;
				SWIFT_OPTIMIZATION_LEVEL = "-O";
				VALIDATE_PRODUCT = YES;
			};
			name = Release;
		};
		C40DFD8229DD127900EC700C /* Debug */ = {
			isa = XCBuildConfiguration;
			buildSettings = {
				ASSETCATALOG_COMPILER_APPICON_NAME = AppIcon;
				ASSETCATALOG_COMPILER_GLOBAL_ACCENT_COLOR_NAME = AccentColor;
				CODE_SIGN_STYLE = Automatic;
				CURRENT_PROJECT_VERSION = 1;
				DEVELOPMENT_ASSET_PATHS = "\"Workout Tracker/Preview Content\"";
				ENABLE_PREVIEWS = YES;
				GENERATE_INFOPLIST_FILE = YES;
				INFOPLIST_KEY_UIApplicationSceneManifest_Generation = YES;
				INFOPLIST_KEY_UIApplicationSupportsIndirectInputEvents = YES;
				INFOPLIST_KEY_UILaunchScreen_Generation = YES;
				INFOPLIST_KEY_UISupportedInterfaceOrientations_iPad = "UIInterfaceOrientationPortrait UIInterfaceOrientationPortraitUpsideDown UIInterfaceOrientationLandscapeLeft UIInterfaceOrientationLandscapeRight";
				INFOPLIST_KEY_UISupportedInterfaceOrientations_iPhone = "UIInterfaceOrientationPortrait UIInterfaceOrientationLandscapeLeft UIInterfaceOrientationLandscapeRight";
				LD_RUNPATH_SEARCH_PATHS = (
					"$(inherited)",
					"@executable_path/Frameworks",
				);
				MARKETING_VERSION = 1.0;
				PRODUCT_BUNDLE_IDENTIFIER = "com.jerry.Workout-Tracker";
				PRODUCT_NAME = "$(TARGET_NAME)";
				SWIFT_EMIT_LOC_STRINGS = YES;
				SWIFT_VERSION = 5.0;
				TARGETED_DEVICE_FAMILY = "1,2";
			};
			name = Debug;
		};
		C40DFD8329DD127900EC700C /* Release */ = {
			isa = XCBuildConfiguration;
			buildSettings = {
				ASSETCATALOG_COMPILER_APPICON_NAME = AppIcon;
				ASSETCATALOG_COMPILER_GLOBAL_ACCENT_COLOR_NAME = AccentColor;
				CODE_SIGN_STYLE = Automatic;
				CURRENT_PROJECT_VERSION = 1;
				DEVELOPMENT_ASSET_PATHS = "\"Workout Tracker/Preview Content\"";
				ENABLE_PREVIEWS = YES;
				GENERATE_INFOPLIST_FILE = YES;
				INFOPLIST_KEY_UIApplicationSceneManifest_Generation = YES;
				INFOPLIST_KEY_UIApplicationSupportsIndirectInputEvents = YES;
				INFOPLIST_KEY_UILaunchScreen_Generation = YES;
				INFOPLIST_KEY_UISupportedInterfaceOrientations_iPad = "UIInterfaceOrientationPortrait UIInterfaceOrientationPortraitUpsideDown UIInterfaceOrientationLandscapeLeft UIInterfaceOrientationLandscapeRight";
				INFOPLIST_KEY_UISupportedInterfaceOrientations_iPhone = "UIInterfaceOrientationPortrait UIInterfaceOrientationLandscapeLeft UIInterfaceOrientationLandscapeRight";
				LD_RUNPATH_SEARCH_PATHS = (
					"$(inherited)",
					"@executable_path/Frameworks",
				);
				MARKETING_VERSION = 1.0;
				PRODUCT_BUNDLE_IDENTIFIER = "com.jerry.Workout-Tracker";
				PRODUCT_NAME = "$(TARGET_NAME)";
				SWIFT_EMIT_LOC_STRINGS = YES;
				SWIFT_VERSION = 5.0;
				TARGETED_DEVICE_FAMILY = "1,2";
			};
			name = Release;
		};
		C40DFD8529DD127900EC700C /* Debug */ = {
			isa = XCBuildConfiguration;
			buildSettings = {
				ALWAYS_EMBED_SWIFT_STANDARD_LIBRARIES = YES;
				BUNDLE_LOADER = "$(TEST_HOST)";
				CODE_SIGN_STYLE = Automatic;
				CURRENT_PROJECT_VERSION = 1;
				GENERATE_INFOPLIST_FILE = YES;
				IPHONEOS_DEPLOYMENT_TARGET = 16.2;
				MARKETING_VERSION = 1.0;
				PRODUCT_BUNDLE_IDENTIFIER = "com.jerry.Workout-TrackerTests";
				PRODUCT_NAME = "$(TARGET_NAME)";
				SWIFT_EMIT_LOC_STRINGS = NO;
				SWIFT_VERSION = 5.0;
				TARGETED_DEVICE_FAMILY = "1,2";
				TEST_HOST = "$(BUILT_PRODUCTS_DIR)/Workout Tracker.app/$(BUNDLE_EXECUTABLE_FOLDER_PATH)/Workout Tracker";
			};
			name = Debug;
		};
		C40DFD8629DD127900EC700C /* Release */ = {
			isa = XCBuildConfiguration;
			buildSettings = {
				ALWAYS_EMBED_SWIFT_STANDARD_LIBRARIES = YES;
				BUNDLE_LOADER = "$(TEST_HOST)";
				CODE_SIGN_STYLE = Automatic;
				CURRENT_PROJECT_VERSION = 1;
				GENERATE_INFOPLIST_FILE = YES;
				IPHONEOS_DEPLOYMENT_TARGET = 16.2;
				MARKETING_VERSION = 1.0;
				PRODUCT_BUNDLE_IDENTIFIER = "com.jerry.Workout-TrackerTests";
				PRODUCT_NAME = "$(TARGET_NAME)";
				SWIFT_EMIT_LOC_STRINGS = NO;
				SWIFT_VERSION = 5.0;
				TARGETED_DEVICE_FAMILY = "1,2";
				TEST_HOST = "$(BUILT_PRODUCTS_DIR)/Workout Tracker.app/$(BUNDLE_EXECUTABLE_FOLDER_PATH)/Workout Tracker";
			};
			name = Release;
		};
		C40DFD8829DD127900EC700C /* Debug */ = {
			isa = XCBuildConfiguration;
			buildSettings = {
				ALWAYS_EMBED_SWIFT_STANDARD_LIBRARIES = YES;
				CODE_SIGN_STYLE = Automatic;
				CURRENT_PROJECT_VERSION = 1;
				GENERATE_INFOPLIST_FILE = YES;
				MARKETING_VERSION = 1.0;
				PRODUCT_BUNDLE_IDENTIFIER = "com.jerry.Workout-TrackerUITests";
				PRODUCT_NAME = "$(TARGET_NAME)";
				SWIFT_EMIT_LOC_STRINGS = NO;
				SWIFT_VERSION = 5.0;
				TARGETED_DEVICE_FAMILY = "1,2";
				TEST_TARGET_NAME = "Workout Tracker";
			};
			name = Debug;
		};
		C40DFD8929DD127900EC700C /* Release */ = {
			isa = XCBuildConfiguration;
			buildSettings = {
				ALWAYS_EMBED_SWIFT_STANDARD_LIBRARIES = YES;
				CODE_SIGN_STYLE = Automatic;
				CURRENT_PROJECT_VERSION = 1;
				GENERATE_INFOPLIST_FILE = YES;
				MARKETING_VERSION = 1.0;
				PRODUCT_BUNDLE_IDENTIFIER = "com.jerry.Workout-TrackerUITests";
				PRODUCT_NAME = "$(TARGET_NAME)";
				SWIFT_EMIT_LOC_STRINGS = NO;
				SWIFT_VERSION = 5.0;
				TARGETED_DEVICE_FAMILY = "1,2";
				TEST_TARGET_NAME = "Workout Tracker";
			};
			name = Release;
		};
/* End XCBuildConfiguration section */

/* Begin XCConfigurationList section */
		C40DFD5829DD127800EC700C /* Build configuration list for PBXProject "Workout Tracker" */ = {
			isa = XCConfigurationList;
			buildConfigurations = (
				C40DFD7F29DD127900EC700C /* Debug */,
				C40DFD8029DD127900EC700C /* Release */,
			);
			defaultConfigurationIsVisible = 0;
			defaultConfigurationName = Release;
		};
		C40DFD8129DD127900EC700C /* Build configuration list for PBXNativeTarget "Workout Tracker" */ = {
			isa = XCConfigurationList;
			buildConfigurations = (
				C40DFD8229DD127900EC700C /* Debug */,
				C40DFD8329DD127900EC700C /* Release */,
			);
			defaultConfigurationIsVisible = 0;
			defaultConfigurationName = Release;
		};
		C40DFD8429DD127900EC700C /* Build configuration list for PBXNativeTarget "Workout TrackerTests" */ = {
			isa = XCConfigurationList;
			buildConfigurations = (
				C40DFD8529DD127900EC700C /* Debug */,
				C40DFD8629DD127900EC700C /* Release */,
			);
			defaultConfigurationIsVisible = 0;
			defaultConfigurationName = Release;
		};
		C40DFD8729DD127900EC700C /* Build configuration list for PBXNativeTarget "Workout TrackerUITests" */ = {
			isa = XCConfigurationList;
			buildConfigurations = (
				C40DFD8829DD127900EC700C /* Debug */,
				C40DFD8929DD127900EC700C /* Release */,
			);
			defaultConfigurationIsVisible = 0;
			defaultConfigurationName = Release;
		};
/* End XCConfigurationList section */
	};
	rootObject = C40DFD5529DD127800EC700C /* Project object */;
}
